Microsoft Visual Studio Solution File, Format Version 12.00
# Visual Studio Version 17
VisualStudioVersion = 17.0.31903.59
MinimumVisualStudioVersion = 10.0.40219.1
Project("{2150E333-8FDC-42A3-9474-1A3956D46DE8}") = "Backend", "Backend", "{A1B2C3D4-E5F6-7890-ABCD-EF1234567890}"
EndProject
Project("{FAE04EC0-301F-11D3-BF4B-00C04F79EFBC}") = "ShoppingCart.API", "ShoppingCart.API\ShoppingCart.API.csproj", "{B2C3D4E5-F6G7-8901-BCDE-F23456789012}"
EndProject
Project("{FAE04EC0-301F-11D3-BF4B-00C04F79EFBC}") = "ShoppingCart.Auth", "ShoppingCart.Auth\ShoppingCart.Auth.csproj", "{C3D4E5F6-G7H8-9012-CDEF-345678901234}"
EndProject
Project("{FAE04EC0-301F-11D3-BF4B-00C04F79EFBC}") = "ShoppingCart.Products", "ShoppingCart.Products\ShoppingCart.Products.csproj", "{D4E5F6G7-H8I9-0123-DEF0-456789012345}"
EndProject
Project("{FAE04EC0-301F-11D3-BF4B-00C04F79EFBC}") = "ShoppingCart.Orders", "ShoppingCart.Orders\ShoppingCart.Orders.csproj", "{E5F6G7H8-I9J0-1234-EF01-567890123456}"
EndProject
Project("{FAE04EC0-301F-11D3-BF4B-00C04F79EFBC}") = "ShoppingCart.Payments", "ShoppingCart.Payments\ShoppingCart.Payments.csproj", "{F6G7H8I9-J0K1-2345-F012-678901234567}"
EndProject
Project("{FAE04EC0-301F-11D3-BF4B-00C04F79EFBC}") = "ShoppingCart.Notifications", "ShoppingCart.Notifications\ShoppingCart.Notifications.csproj", "{G7H8I9J0-K1L2-3456-0123-789012345678}"
EndProject
Project("{FAE04EC0-301F-11D3-BF4B-00C04F79EFBC}") = "ShoppingCart.Common", "ShoppingCart.Common\ShoppingCart.Common.csproj", "{H8I9J0K1-L2M3-4567-1234-890123456789}"
EndProject
Project("{FAE04EC0-301F-11D3-BF4B-00C04F79EFBC}") = "ShoppingCart.API.Tests", "ShoppingCart.API.Tests\ShoppingCart.API.Tests.csproj", "{I9J0K1L2-M3N4-5678-2345-901234567890}"
EndProject
Project("{FAE04EC0-301F-11D3-BF4B-00C04F79EFBC}") = "ShoppingCart.Auth.Tests", "ShoppingCart.Auth.Tests\ShoppingCart.Auth.Tests.csproj", "{J0K1L2M3-N4O5-6789-3456-012345678901}"
EndProject
Project("{FAE04EC0-301F-11D3-BF4B-00C04F79EFBC}") = "ShoppingCart.Products.Tests", "ShoppingCart.Products.Tests\ShoppingCart.Products.Tests.csproj", "{K1L2M3N4-O5P6-7890-4567-123456789012}"
EndProject
Project("{FAE04EC0-301F-11D3-BF4B-00C04F79EFBC}") = "ShoppingCart.Orders.Tests", "ShoppingCart.Orders.Tests\ShoppingCart.Orders.Tests.csproj", "{L2M3N4O5-P6Q7-8901-5678-234567890123}"
EndProject
Project("{FAE04EC0-301F-11D3-BF4B-00C04F79EFBC}") = "ShoppingCart.Payments.Tests", "ShoppingCart.Payments.Tests\ShoppingCart.Payments.Tests.csproj", "{M3N4O5P6-Q7R8-9012-6789-345678901234}"
EndProject
Project("{FAE04EC0-301F-11D3-BF4B-00C04F79EFBC}") = "ShoppingCart.Notifications.Tests", "ShoppingCart.Notifications.Tests\ShoppingCart.Notifications.Tests.csproj", "{N4O5P6Q7-R8S9-0123-7890-456789012345}"
EndProject
Global
	GlobalSection(SolutionConfigurationPlatforms) = preSolution
		Debug|Any CPU = Debug|Any CPU
		Release|Any CPU = Release|Any CPU
	EndGlobalSection
	GlobalSection(ProjectConfigurationPlatforms) = postSolution
		{B2C3D4E5-F6G7-8901-BCDE-F23456789012}.Debug|Any CPU.ActiveCfg = Debug|Any CPU
		{B2C3D4E5-F6G7-8901-BCDE-F23456789012}.Debug|Any CPU.Build.0 = Debug|Any CPU
		{B2C3D4E5-F6G7-8901-BCDE-F23456789012}.Release|Any CPU.ActiveCfg = Release|Any CPU
		{B2C3D4E5-F6G7-8901-BCDE-F23456789012}.Release|Any CPU.Build.0 = Release|Any CPU
		{C3D4E5F6-G7H8-9012-CDEF-345678901234}.Debug|Any CPU.ActiveCfg = Debug|Any CPU
		{C3D4E5F6-G7H8-9012-CDEF-345678901234}.Debug|Any CPU.Build.0 = Debug|Any CPU
		{C3D4E5F6-G7H8-9012-CDEF-345678901234}.Release|Any CPU.ActiveCfg = Release|Any CPU
		{C3D4E5F6-G7H8-9012-CDEF-345678901234}.Release|Any CPU.Build.0 = Release|Any CPU
		{D4E5F6G7-H8I9-0123-DEF0-456789012345}.Debug|Any CPU.ActiveCfg = Debug|Any CPU
		{D4E5F6G7-H8I9-0123-DEF0-456789012345}.Debug|Any CPU.Build.0 = Debug|Any CPU
		{D4E5F6G7-H8I9-0123-DEF0-456789012345}.Release|Any CPU.ActiveCfg = Release|Any CPU
		{D4E5F6G7-H8I9-0123-DEF0-456789012345}.Release|Any CPU.Build.0 = Release|Any CPU
		{E5F6G7H8-I9J0-1234-EF01-567890123456}.Debug|Any CPU.ActiveCfg = Debug|Any CPU
		{E5F6G7H8-I9J0-1234-EF01-567890123456}.Debug|Any CPU.Build.0 = Debug|Any CPU
		{E5F6G7H8-I9J0-1234-EF01-567890123456}.Release|Any CPU.ActiveCfg = Release|Any CPU
		{E5F6G7H8-I9J0-1234-EF01-567890123456}.Release|Any CPU.Build.0 = Release|Any CPU
		{F6G7H8I9-J0K1-2345-F012-678901234567}.Debug|Any CPU.ActiveCfg = Debug|Any CPU
		{F6G7H8I9-J0K1-2345-F012-678901234567}.Debug|Any CPU.Build.0 = Debug|Any CPU
		{F6G7H8I9-J0K1-2345-F012-678901234567}.Release|Any CPU.ActiveCfg = Release|Any CPU
		{F6G7H8I9-J0K1-2345-F012-678901234567}.Release|Any CPU.Build.0 = Release|Any CPU
		{G7H8I9J0-K1L2-3456-0123-789012345678}.Debug|Any CPU.ActiveCfg = Debug|Any CPU
		{G7H8I9J0-K1L2-3456-0123-789012345678}.Debug|Any CPU.Build.0 = Debug|Any CPU
		{G7H8I9J0-K1L2-3456-0123-789012345678}.Release|Any CPU.ActiveCfg = Release|Any CPU
		{G7H8I9J0-K1L2-3456-0123-789012345678}.Release|Any CPU.Build.0 = Release|Any CPU
		{H8I9J0K1-L2M3-4567-1234-890123456789}.Debug|Any CPU.ActiveCfg = Debug|Any CPU
		{H8I9J0K1-L2M3-4567-1234-890123456789}.Debug|Any CPU.Build.0 = Debug|Any CPU
		{H8I9J0K1-L2M3-4567-1234-890123456789}.Release|Any CPU.ActiveCfg = Release|Any CPU
		{H8I9J0K1-L2M3-4567-1234-890123456789}.Release|Any CPU.Build.0 = Release|Any CPU
		{I9J0K1L2-M3N4-5678-2345-901234567890}.Debug|Any CPU.ActiveCfg = Debug|Any CPU
		{I9J0K1L2-M3N4-5678-2345-901234567890}.Debug|Any CPU.Build.0 = Debug|Any CPU
		{I9J0K1L2-M3N4-5678-2345-901234567890}.Release|Any CPU.ActiveCfg = Release|Any CPU
		{I9J0K1L2-M3N4-5678-2345-901234567890}.Release|Any CPU.Build.0 = Release|Any CPU
		{J0K1L2M3-N4O5-6789-3456-012345678901}.Debug|Any CPU.ActiveCfg = Debug|Any CPU
		{J0K1L2M3-N4O5-6789-3456-012345678901}.Debug|Any CPU.Build.0 = Debug|Any CPU
		{J0K1L2M3-N4O5-6789-3456-012345678901}.Release|Any CPU.ActiveCfg = Release|Any CPU
		{J0K1L2M3-N4O5-6789-3456-012345678901}.Release|Any CPU.Build.0 = Release|Any CPU
		{K1L2M3N4-O5P6-7890-4567-123456789012}.Debug|Any CPU.ActiveCfg = Debug|Any CPU
		{K1L2M3N4-O5P6-7890-4567-123456789012}.Debug|Any CPU.Build.0 = Debug|Any CPU
		{K1L2M3N4-O5P6-7890-4567-123456789012}.Release|Any CPU.ActiveCfg = Release|Any CPU
		{K1L2M3N4-O5P6-7890-4567-123456789012}.Release|Any CPU.Build.0 = Release|Any CPU
		{L2M3N4O5-P6Q7-8901-5678-234567890123}.Debug|Any CPU.ActiveCfg = Debug|Any CPU
		{L2M3N4O5-P6Q7-8901-5678-234567890123}.Debug|Any CPU.Build.0 = Debug|Any CPU
		{L2M3N4O5-P6Q7-8901-5678-234567890123}.Release|Any CPU.ActiveCfg = Release|Any CPU
		{L2M3N4O5-P6Q7-8901-5678-234567890123}.Release|Any CPU.Build.0 = Release|Any CPU
		{M3N4O5P6-Q7R8-9012-6789-345678901234}.Debug|Any CPU.ActiveCfg = Debug|Any CPU
		{M3N4O5P6-Q7R8-9012-6789-345678901234}.Debug|Any CPU.Build.0 = Debug|Any CPU
		{M3N4O5P6-Q7R8-9012-6789-345678901234}.Release|Any CPU.ActiveCfg = Release|Any CPU
		{M3N4O5P6-Q7R8-9012-6789-345678901234}.Release|Any CPU.Build.0 = Release|Any CPU
		{N4O5P6Q7-R8S9-0123-7890-456789012345}.Debug|Any CPU.ActiveCfg = Debug|Any CPU
		{N4O5P6Q7-R8S9-0123-7890-456789012345}.Debug|Any CPU.Build.0 = Debug|Any CPU
		{N4O5P6Q7-R8S9-0123-7890-456789012345}.Release|Any CPU.ActiveCfg = Release|Any CPU
		{N4O5P6Q7-R8S9-0123-7890-456789012345}.Release|Any CPU.Build.0 = Release|Any CPU
	EndGlobalSection
	GlobalSection(SolutionProperties) = preSolution
		HideSolutionNode = FALSE
	EndGlobalSection
	GlobalSection(NestedProjects) = preSolution
		{B2C3D4E5-F6G7-8901-BCDE-F23456789012} = {A1B2C3D4-E5F6-7890-ABCD-EF1234567890}
		{C3D4E5F6-G7H8-9012-CDEF-345678901234} = {A1B2C3D4-E5F6-7890-ABCD-EF1234567890}
		{D4E5F6G7-H8I9-0123-DEF0-456789012345} = {A1B2C3D4-E5F6-7890-ABCD-EF1234567890}
		{E5F6G7H8-I9J0-1234-EF01-567890123456} = {A1B2C3D4-E5F6-7890-ABCD-EF1234567890}
		{F6G7H8I9-J0K1-2345-F012-678901234567} = {A1B2C3D4-E5F6-7890-ABCD-EF1234567890}
		{G7H8I9J0-K1L2-3456-0123-789012345678} = {A1B2C3D4-E5F6-7890-ABCD-EF1234567890}
		{H8I9J0K1-L2M3-4567-1234-890123456789} = {A1B2C3D4-E5F6-7890-ABCD-EF1234567890}
		{I9J0K1L2-M3N4-5678-2345-901234567890} = {A1B2C3D4-E5F6-7890-ABCD-EF1234567890}
		{J0K1L2M3-N4O5-6789-3456-012345678901} = {A1B2C3D4-E5F6-7890-ABCD-EF1234567890}
		{K1L2M3N4-O5P6-7890-4567-123456789012} = {A1B2C3D4-E5F6-7890-ABCD-EF1234567890}
		{L2M3N4O5-P6Q7-8901-5678-234567890123} = {A1B2C3D4-E5F6-7890-ABCD-EF1234567890}
		{M3N4O5P6-Q7R8-9012-6789-345678901234} = {A1B2C3D4-E5F6-7890-ABCD-EF1234567890}
		{N4O5P6Q7-R8S9-0123-7890-456789012345} = {A1B2C3D4-E5F6-7890-ABCD-EF1234567890}
	EndGlobalSection
EndGlobal 